{
    "name": "pyodide-virtual-shell",
    "version": "1.0.0",
    "lockfileVersion": 3,
    "requires": true,
    "packages": {
        "": {
            "name": "pyodide-virtual-shell",
            "version": "1.0.0",
            "license": "MIT",
            "dependencies": {
                "pyodide": "^0.25.0",
                "readline": "^1.3.0",
                "readline-sync": "^1.4.10"
            },
            "engines": {
                "node": ">=16.0.0"
            }
        },
        "node_modules/base-64": {
            "version": "1.0.0",
            "resolved": "https://registry.npmjs.org/base-64/-/base-64-1.0.0.tgz",
            "integrity": "sha512-kwDPIFCGx0NZHog36dj+tHiwP4QMzsZ3AgMViUBKI0+V5n4U0ufTCUMhnQ04diaRI8EX/QcPfql7zlhZ7j4zgg=="
        },
        "node_modules/pyodide": {
            "version": "0.25.1",
            "resolved": "https://registry.npmjs.org/pyodide/-/pyodide-0.25.1.tgz",
            "integrity": "sha512-y0nJ/fLA3bxD2iZRzvVTbP2O+wp4Ewm2wThfV4HF0BytQ6hsoqTJFLNY4usLOcCVBrK8TTWqFqrmsVPzHe4rsw==",
            "dependencies": {
                "base-64": "^1.0.0",
                "ws": "^8.5.0"
            }
        },
        "node_modules/readline": {
            "version": "1.3.0",
            "resolved": "https://registry.npmjs.org/readline/-/readline-1.3.0.tgz",
            "integrity": "sha512-k2d6ACCkiNYz222Fs/iNze30rRJ1iIicW7JuX/7/cozvih6YCkFZH+J6mAFDVgv0dRBaAyr4jDqC95R2y4IADg=="
        },
        "node_modules/readline-sync": {
            "version": "1.4.10",
            "resolved": "https://registry.npmjs.org/readline-sync/-/readline-sync-1.4.10.tgz",
            "integrity": "sha512-gNva8/6UAe8QYepIQH/jQ2qn91Qj0B9sYjMBBs3QOB8F2CXcKgLxQaJRP76sWVRQt+QU+8fAkCbCvjjMFu7Ycw==",
            "engines": {
                "node": ">= 0.8.0"
            }
        },
        "node_modules/ws": {
            "version": "8.18.1",
            "resolved": "https://registry.npmjs.org/ws/-/ws-8.18.1.tgz",
            "integrity": "sha512-RKW2aJZMXeMxVpnZ6bck+RswznaxmzdULiBr6KY7XkTnW8uvt0iT9H5DkHUChXrc+uurzwa0rVI16n/Xzjdz1w==",
            "engines": {
                "node": ">=10.0.0"
            },
            "peerDependencies": {
                "bufferutil": "^4.0.1",
                "utf-8-validate": ">=5.0.2"
            },
            "peerDependenciesMeta": {
                "bufferutil": {
                    "optional": true
                },
                "utf-8-validate": {
                    "optional": true
                }
            }
        }
    }
}
